// !$*UTF8*$!
{
	archiveVersion = 1;
	classes = {
	};
	objectVersion = 55;
	objects = {

/* Begin PBXBuildFile section */
		CC392315276525E200A086D3 /* AppDelegate.swift in Sources */ = {isa = PBXBuildFile; fileRef = CC392314276525E200A086D3 /* AppDelegate.swift */; };
		CC392317276525E200A086D3 /* SceneDelegate.swift in Sources */ = {isa = PBXBuildFile; fileRef = CC392316276525E200A086D3 /* SceneDelegate.swift */; };
		CC392319276525E200A086D3 /* ViewController.swift in Sources */ = {isa = PBXBuildFile; fileRef = CC392318276525E200A086D3 /* ViewController.swift */; };
		CC39231C276525E200A086D3 /* Main.storyboard in Resources */ = {isa = PBXBuildFile; fileRef = CC39231A276525E200A086D3 /* Main.storyboard */; };
		CC39231E276525E400A086D3 /* Assets.xcassets in Resources */ = {isa = PBXBuildFile; fileRef = CC39231D276525E400A086D3 /* Assets.xcassets */; };
		CC392321276525E400A086D3 /* LaunchScreen.storyboard in Resources */ = {isa = PBXBuildFile; fileRef = CC39231F276525E400A086D3 /* LaunchScreen.storyboard */; };
		CC39232C276525E400A086D3 /* MadLibsTests.swift in Sources */ = {isa = PBXBuildFile; fileRef = CC39232B276525E400A086D3 /* MadLibsTests.swift */; };
		CC392336276525E400A086D3 /* MadLibsUITests.swift in Sources */ = {isa = PBXBuildFile; fileRef = CC392335276525E400A086D3 /* MadLibsUITests.swift */; };
		CC392338276525E400A086D3 /* MadLibsUITestsLaunchTests.swift in Sources */ = {isa = PBXBuildFile; fileRef = CC392337276525E400A086D3 /* MadLibsUITestsLaunchTests.swift */; };
/* End PBXBuildFile section */

/* Begin PBXContainerItemProxy section */
		CC392328276525E400A086D3 /* PBXContainerItemProxy */ = {
			isa = PBXContainerItemProxy;
			containerPortal = CC392309276525E200A086D3 /* Project object */;
			proxyType = 1;
			remoteGlobalIDString = CC392310276525E200A086D3;
			remoteInfo = MadLibs;
		};
		CC392332276525E400A086D3 /* PBXContainerItemProxy */ = {
			isa = PBXContainerItemProxy;
			containerPortal = CC392309276525E200A086D3 /* Project object */;
			proxyType = 1;
			remoteGlobalIDString = CC392310276525E200A086D3;
			remoteInfo = MadLibs;
		};
/* End PBXContainerItemProxy section */

/* Begin PBXFileReference section */
		CC392311276525E200A086D3 /* MadLibs.app */ = {isa = PBXFileReference; explicitFileType = wrapper.application; includeInIndex = 0; path = MadLibs.app; sourceTree = BUILT_PRODUCTS_DIR; };
		CC392314276525E200A086D3 /* AppDelegate.swift */ = {isa = PBXFileReference; lastKnownFileType = sourcecode.swift; path = AppDelegate.swift; sourceTree = "<group>"; };
		CC392316276525E200A086D3 /* SceneDelegate.swift */ = {isa = PBXFileReference; lastKnownFileType = sourcecode.swift; path = SceneDelegate.swift; sourceTree = "<group>"; };
		CC392318276525E200A086D3 /* ViewController.swift */ = {isa = PBXFileReference; lastKnownFileType = sourcecode.swift; path = ViewController.swift; sourceTree = "<group>"; };
		CC39231B276525E200A086D3 /* Base */ = {isa = PBXFileReference; lastKnownFileType = file.storyboard; name = Base; path = Base.lproj/Main.storyboard; sourceTree = "<group>"; };
		CC39231D276525E400A086D3 /* Assets.xcassets */ = {isa = PBXFileReference; lastKnownFileType = folder.assetcatalog; path = Assets.xcassets; sourceTree = "<group>"; };
		CC392320276525E400A086D3 /* Base */ = {isa = PBXFileReference; lastKnownFileType = file.storyboard; name = Base; path = Base.lproj/LaunchScreen.storyboard; sourceTree = "<group>"; };
		CC392322276525E400A086D3 /* Info.plist */ = {isa = PBXFileReference; lastKnownFileType = text.plist.xml; path = Info.plist; sourceTree = "<group>"; };
		CC392327276525E400A086D3 /* MadLibsTests.xctest */ = {isa = PBXFileReference; explicitFileType = wrapper.cfbundle; includeInIndex = 0; path = MadLibsTests.xctest; sourceTree = BUILT_PRODUCTS_DIR; };
		CC39232B276525E400A086D3 /* MadLibsTests.swift */ = {isa = PBXFileReference; lastKnownFileType = sourcecode.swift; path = MadLibsTests.swift; sourceTree = "<group>"; };
		CC392331276525E400A086D3 /* MadLibsUITests.xctest */ = {isa = PBXFileReference; explicitFileType = wrapper.cfbundle; includeInIndex = 0; path = MadLibsUITests.xctest; sourceTree = BUILT_PRODUCTS_DIR; };
		CC392335276525E400A086D3 /* MadLibsUITests.swift */ = {isa = PBXFileReference; lastKnownFileType = sourcecode.swift; path = MadLibsUITests.swift; sourceTree = "<group>"; };
		CC392337276525E400A086D3 /* MadLibsUITestsLaunchTests.swift */ = {isa = PBXFileReference; lastKnownFileType = sourcecode.swift; path = MadLibsUITestsLaunchTests.swift; sourceTree = "<group>"; };
/* End PBXFileReference section */

/* Begin PBXFrameworksBuildPhase section */
		CC39230E276525E200A086D3 /* Frameworks */ = {
			isa = PBXFrameworksBuildPhase;
			buildActionMask = 2147483647;
			files = (
			);
			runOnlyForDeploymentPostprocessing = 0;
		};
		CC392324276525E400A086D3 /* Frameworks */ = {
			isa = PBXFrameworksBuildPhase;
			buildActionMask = 2147483647;
			files = (
			);
			runOnlyForDeploymentPostprocessing = 0;
		};
		CC39232E276525E400A086D3 /* Frameworks */ = {
			isa = PBXFrameworksBuildPhase;
			buildActionMask = 2147483647;
			files = (
			);
			runOnlyForDeploymentPostprocessing = 0;
		};
/* End PBXFrameworksBuildPhase section */

/* Begin PBXGroup section */
		CC392308276525E200A086D3 = {
			isa = PBXGroup;
			children = (
				CC392313276525E200A086D3 /* MadLibs */,
				CC39232A276525E400A086D3 /* MadLibsTests */,
				CC392334276525E400A086D3 /* MadLibsUITests */,
				CC392312276525E200A086D3 /* Products */,
			);
			sourceTree = "<group>";
		};
		CC392312276525E200A086D3 /* Products */ = {
			isa = PBXGroup;
			children = (
				CC392311276525E200A086D3 /* MadLibs.app */,
				CC392327276525E400A086D3 /* MadLibsTests.xctest */,
				CC392331276525E400A086D3 /* MadLibsUITests.xctest */,
			);
			name = Products;
			sourceTree = "<group>";
		};
		CC392313276525E200A086D3 /* MadLibs */ = {
			isa = PBXGroup;
			children = (
				CC392314276525E200A086D3 /* AppDelegate.swift */,
				CC392316276525E200A086D3 /* SceneDelegate.swift */,
				CC392318276525E200A086D3 /* ViewController.swift */,
				CC39231A276525E200A086D3 /* Main.storyboard */,
				CC39231D276525E400A086D3 /* Assets.xcassets */,
				CC39231F276525E400A086D3 /* LaunchScreen.storyboard */,
				CC392322276525E400A086D3 /* Info.plist */,
			);
			path = MadLibs;
			sourceTree = "<group>";
		};
		CC39232A276525E400A086D3 /* MadLibsTests */ = {
			isa = PBXGroup;
			children = (
				CC39232B276525E400A086D3 /* MadLibsTests.swift */,
			);
			path = MadLibsTests;
			sourceTree = "<group>";
		};
		CC392334276525E400A086D3 /* MadLibsUITests */ = {
			isa = PBXGroup;
			children = (
				CC392335276525E400A086D3 /* MadLibsUITests.swift */,
				CC392337276525E400A086D3 /* MadLibsUITestsLaunchTests.swift */,
			);
			path = MadLibsUITests;
			sourceTree = "<group>";
		};
/* End PBXGroup section */

/* Begin PBXNativeTarget section */
		CC392310276525E200A086D3 /* MadLibs */ = {
			isa = PBXNativeTarget;
			buildConfigurationList = CC39233B276525E400A086D3 /* Build configuration list for PBXNativeTarget "MadLibs" */;
			buildPhases = (
				CC39230D276525E200A086D3 /* Sources */,
				CC39230E276525E200A086D3 /* Frameworks */,
				CC39230F276525E200A086D3 /* Resources */,
			);
			buildRules = (
			);
			dependencies = (
			);
			name = MadLibs;
			productName = MadLibs;
			productReference = CC392311276525E200A086D3 /* MadLibs.app */;
			productType = "com.apple.product-type.application";
		};
		CC392326276525E400A086D3 /* MadLibsTests */ = {
			isa = PBXNativeTarget;
			buildConfigurationList = CC39233E276525E400A086D3 /* Build configuration list for PBXNativeTarget "MadLibsTests" */;
			buildPhases = (
				CC392323276525E400A086D3 /* Sources */,
				CC392324276525E400A086D3 /* Frameworks */,
				CC392325276525E400A086D3 /* Resources */,
			);
			buildRules = (
			);
			dependencies = (
				CC392329276525E400A086D3 /* PBXTargetDependency */,
			);
			name = MadLibsTests;
			productName = MadLibsTests;
			productReference = CC392327276525E400A086D3 /* MadLibsTests.xctest */;
			productType = "com.apple.product-type.bundle.unit-test";
		};
		CC392330276525E400A086D3 /* MadLibsUITests */ = {
			isa = PBXNativeTarget;
			buildConfigurationList = CC392341276525E400A086D3 /* Build configuration list for PBXNativeTarget "MadLibsUITests" */;
			buildPhases = (
				CC39232D276525E400A086D3 /* Sources */,
				CC39232E276525E400A086D3 /* Frameworks */,
				CC39232F276525E400A086D3 /* Resources */,
			);
			buildRules = (
			);
			dependencies = (
				CC392333276525E400A086D3 /* PBXTargetDependency */,
			);
			name = MadLibsUITests;
			productName = MadLibsUITests;
			productReference = CC392331276525E400A086D3 /* MadLibsUITests.xctest */;
			productType = "com.apple.product-type.bundle.ui-testing";
		};
/* End PBXNativeTarget section */

/* Begin PBXProject section */
		CC392309276525E200A086D3 /* Project object */ = {
			isa = PBXProject;
			attributes = {
				BuildIndependentTargetsInParallel = 1;
				LastSwiftUpdateCheck = 1310;
				LastUpgradeCheck = 1310;
				TargetAttributes = {
					CC392310276525E200A086D3 = {
						CreatedOnToolsVersion = 13.1;
					};
					CC392326276525E400A086D3 = {
						CreatedOnToolsVersion = 13.1;
						TestTargetID = CC392310276525E200A086D3;
					};
					CC392330276525E400A086D3 = {
						CreatedOnToolsVersion = 13.1;
						TestTargetID = CC392310276525E200A086D3;
					};
				};
			};
			buildConfigurationList = CC39230C276525E200A086D3 /* Build configuration list for PBXProject "MadLibs" */;
			compatibilityVersion = "Xcode 13.0";
			developmentRegion = en;
			hasScannedForEncodings = 0;
			knownRegions = (
				en,
				Base,
			);
			mainGroup = CC392308276525E200A086D3;
			productRefGroup = CC392312276525E200A086D3 /* Products */;
			projectDirPath = "";
			projectRoot = "";
			targets = (
				CC392310276525E200A086D3 /* MadLibs */,
				CC392326276525E400A086D3 /* MadLibsTests */,
				CC392330276525E400A086D3 /* MadLibsUITests */,
			);
		};
/* End PBXProject section */

/* Begin PBXResourcesBuildPhase section */
		CC39230F276525E200A086D3 /* Resources */ = {
			isa = PBXResourcesBuildPhase;
			buildActionMask = 2147483647;
			files = (
				CC392321276525E400A086D3 /* LaunchScreen.storyboard in Resources */,
				CC39231E276525E400A086D3 /* Assets.xcassets in Resources */,
				CC39231C276525E200A086D3 /* Main.storyboard in Resources */,
			);
			runOnlyForDeploymentPostprocessing = 0;
		};
		CC392325276525E400A086D3 /* Resources */ = {
			isa = PBXResourcesBuildPhase;
			buildActionMask = 2147483647;
			files = (
			);
			runOnlyForDeploymentPostprocessing = 0;
		};
		CC39232F276525E400A086D3 /* Resources */ = {
			isa = PBXResourcesBuildPhase;
			buildActionMask = 2147483647;
			files = (
			);
			runOnlyForDeploymentPostprocessing = 0;
		};
/* End PBXResourcesBuildPhase section */

/* Begin PBXSourcesBuildPhase section */
		CC39230D276525E200A086D3 /* Sources */ = {
			isa = PBXSourcesBuildPhase;
			buildActionMask = 2147483647;
			files = (
				CC392319276525E200A086D3 /* ViewController.swift in Sources */,
				CC392315276525E200A086D3 /* AppDelegate.swift in Sources */,
				CC392317276525E200A086D3 /* SceneDelegate.swift in Sources */,
			);
			runOnlyForDeploymentPostprocessing = 0;
		};
		CC392323276525E400A086D3 /* Sources */ = {
			isa = PBXSourcesBuildPhase;
			buildActionMask = 2147483647;
			files = (
				CC39232C276525E400A086D3 /* MadLibsTests.swift in Sources */,
			);
			runOnlyForDeploymentPostprocessing = 0;
		};
		CC39232D276525E400A086D3 /* Sources */ = {
			isa = PBXSourcesBuildPhase;
			buildActionMask = 2147483647;
			files = (
				CC392336276525E400A086D3 /* MadLibsUITests.swift in Sources */,
				CC392338276525E400A086D3 /* MadLibsUITestsLaunchTests.swift in Sources */,
			);
			runOnlyForDeploymentPostprocessing = 0;
		};
/* End PBXSourcesBuildPhase section */

/* Begin PBXTargetDependency section */
		CC392329276525E400A086D3 /* PBXTargetDependency */ = {
			isa = PBXTargetDependency;
			target = CC392310276525E200A086D3 /* MadLibs */;
			targetProxy = CC392328276525E400A086D3 /* PBXContainerItemProxy */;
		};
		CC392333276525E400A086D3 /* PBXTargetDependency */ = {
			isa = PBXTargetDependency;
			target = CC392310276525E200A086D3 /* MadLibs */;
			targetProxy = CC392332276525E400A086D3 /* PBXContainerItemProxy */;
		};
/* End PBXTargetDependency section */

/* Begin PBXVariantGroup section */
		CC39231A276525E200A086D3 /* Main.storyboard */ = {
			isa = PBXVariantGroup;
			children = (
				CC39231B276525E200A086D3 /* Base */,
			);
			name = Main.storyboard;
			sourceTree = "<group>";
		};
		CC39231F276525E400A086D3 /* LaunchScreen.storyboard */ = {
			isa = PBXVariantGroup;
			children = (
				CC392320276525E400A086D3 /* Base */,
			);
			name = LaunchScreen.storyboard;
			sourceTree = "<group>";
		};
/* End PBXVariantGroup section */

/* Begin XCBuildConfiguration section */
		CC392339276525E400A086D3 /* Debug */ = {
			isa = XCBuildConfiguration;
			buildSettings = {
				ALWAYS_SEARCH_USER_PATHS = NO;
				CLANG_ANALYZER_NONNULL = YES;
				CLANG_ANALYZER_NUMBER_OBJECT_CONVERSION = YES_AGGRESSIVE;
				CLANG_CXX_LANGUAGE_STANDARD = "gnu++17";
				CLANG_CXX_LIBRARY = "libc++";
				CLANG_ENABLE_MODULES = YES;
				CLANG_ENABLE_OBJC_ARC = YES;
				CLANG_ENABLE_OBJC_WEAK = YES;
				CLANG_WARN_BLOCK_CAPTURE_AUTORELEASING = YES;
				CLANG_WARN_BOOL_CONVERSION = YES;
				CLANG_WARN_COMMA = YES;
				CLANG_WARN_CONSTANT_CONVERSION = YES;
				CLANG_WARN_DEPRECATED_OBJC_IMPLEMENTATIONS = YES;
				CLANG_WARN_DIRECT_OBJC_ISA_USAGE = YES_ERROR;
				CLANG_WARN_DOCUMENTATION_COMMENTS = YES;
				CLANG_WARN_EMPTY_BODY = YES;
				CLANG_WARN_ENUM_CONVERSION = YES;
				CLANG_WARN_INFINITE_RECURSION = YES;
				CLANG_WARN_INT_CONVERSION = YES;
				CLANG_WARN_NON_LITERAL_NULL_CONVERSION = YES;
				CLANG_WARN_OBJC_IMPLICIT_RETAIN_SELF = YES;
				CLANG_WARN_OBJC_LITERAL_CONVERSION = YES;
				CLANG_WARN_OBJC_ROOT_CLASS = YES_ERROR;
				CLANG_WARN_QUOTED_INCLUDE_IN_FRAMEWORK_HEADER = YES;
				CLANG_WARN_RANGE_LOOP_ANALYSIS = YES;
				CLANG_WARN_STRICT_PROTOTYPES = YES;
				CLANG_WARN_SUSPICIOUS_MOVE = YES;
				CLANG_WARN_UNGUARDED_AVAILABILITY = YES_AGGRESSIVE;
				CLANG_WARN_UNREACHABLE_CODE = YES;
				CLANG_WARN__DUPLICATE_METHOD_MATCH = YES;
				COPY_PHASE_STRIP = NO;
				DEBUG_INFORMATION_FORMAT = dwarf;
				ENABLE_STRICT_OBJC_MSGSEND = YES;
				ENABLE_TESTABILITY = YES;
				GCC_C_LANGUAGE_STANDARD = gnu11;
				GCC_DYNAMIC_NO_PIC = NO;
				GCC_NO_COMMON_BLOCKS = YES;
				GCC_OPTIMIZATION_LEVEL = 0;
				GCC_PREPROCESSOR_DEFINITIONS = (
					"DEBUG=1",
					"$(inherited)",
				);
				GCC_WARN_64_TO_32_BIT_CONVERSION = YES;
				GCC_WARN_ABOUT_RETURN_TYPE = YES_ERROR;
				GCC_WARN_UNDECLARED_SELECTOR = YES;
				GCC_WARN_UNINITIALIZED_AUTOS = YES_AGGRESSIVE;
				GCC_WARN_UNUSED_FUNCTION = YES;
				GCC_WARN_UNUSED_VARIABLE = YES;
				IPHONEOS_DEPLOYMENT_TARGET = 15.0;
				MTL_ENABLE_DEBUG_INFO = INCLUDE_SOURCE;
				MTL_FAST_MATH = YES;
				ONLY_ACTIVE_ARCH = YES;
				SDKROOT = iphoneos;
				SWIFT_ACTIVE_COMPILATION_CONDITIONS = DEBUG;
				SWIFT_OPTIMIZATION_LEVEL = "-Onone";
			};
			name = Debug;
		};
		CC39233A276525E400A086D3 /* Release */ = {
			isa = XCBuildConfiguration;
			buildSettings = {
				ALWAYS_SEARCH_USER_PATHS = NO;
				CLANG_ANALYZER_NONNULL = YES;
				CLANG_ANALYZER_NUMBER_OBJECT_CONVERSION = YES_AGGRESSIVE;
				CLANG_CXX_LANGUAGE_STANDARD = "gnu++17";
				CLANG_CXX_LIBRARY = "libc++";
				CLANG_ENABLE_MODULES = YES;
				CLANG_ENABLE_OBJC_ARC = YES;
				CLANG_ENABLE_OBJC_WEAK = YES;
				CLANG_WARN_BLOCK_CAPTURE_AUTORELEASING = YES;
				CLANG_WARN_BOOL_CONVERSION = YES;
				CLANG_WARN_COMMA = YES;
				CLANG_WARN_CONSTANT_CONVERSION = YES;
				CLANG_WARN_DEPRECATED_OBJC_IMPLEMENTATIONS = YES;
				CLANG_WARN_DIRECT_OBJC_ISA_USAGE = YES_ERROR;
				CLANG_WARN_DOCUMENTATION_COMMENTS = YES;
				CLANG_WARN_EMPTY_BODY = YES;
				CLANG_WARN_ENUM_CONVERSION = YES;
				CLANG_WARN_INFINITE_RECURSION = YES;
				CLANG_WARN_INT_CONVERSION = YES;
				CLANG_WARN_NON_LITERAL_NULL_CONVERSION = YES;
				CLANG_WARN_OBJC_IMPLICIT_RETAIN_SELF = YES;
				CLANG_WARN_OBJC_LITERAL_CONVERSION = YES;
				CLANG_WARN_OBJC_ROOT_CLASS = YES_ERROR;
				CLANG_WARN_QUOTED_INCLUDE_IN_FRAMEWORK_HEADER = YES;
				CLANG_WARN_RANGE_LOOP_ANALYSIS = YES;
				CLANG_WARN_STRICT_PROTOTYPES = YES;
				CLANG_WARN_SUSPICIOUS_MOVE = YES;
				CLANG_WARN_UNGUARDED_AVAILABILITY = YES_AGGRESSIVE;
				CLANG_WARN_UNREACHABLE_CODE = YES;
				CLANG_WARN__DUPLICATE_METHOD_MATCH = YES;
				COPY_PHASE_STRIP = NO;
				DEBUG_INFORMATION_FORMAT = "dwarf-with-dsym";
				ENABLE_NS_ASSERTIONS = NO;
				ENABLE_STRICT_OBJC_MSGSEND = YES;
				GCC_C_LANGUAGE_STANDARD = gnu11;
				GCC_NO_COMMON_BLOCKS = YES;
				GCC_WARN_64_TO_32_BIT_CONVERSION = YES;
				GCC_WARN_ABOUT_RETURN_TYPE = YES_ERROR;
				GCC_WARN_UNDECLARED_SELECTOR = YES;
				GCC_WARN_UNINITIALIZED_AUTOS = YES_AGGRESSIVE;
				GCC_WARN_UNUSED_FUNCTION = YES;
				GCC_WARN_UNUSED_VARIABLE = YES;
				IPHONEOS_DEPLOYMENT_TARGET = 15.0;
				MTL_ENABLE_DEBUG_INFO = NO;
				MTL_FAST_MATH = YES;
				SDKROOT = iphoneos;
				SWIFT_COMPILATION_MODE = wholemodule;
				SWIFT_OPTIMIZATION_LEVEL = "-O";
				VALIDATE_PRODUCT = YES;
			};
			name = Release;
		};
		CC39233C276525E400A086D3 /* Debug */ = {
			isa = XCBuildConfiguration;
			buildSettings = {
				ASSETCATALOG_COMPILER_APPICON_NAME = AppIcon;
				ASSETCATALOG_COMPILER_GLOBAL_ACCENT_COLOR_NAME = AccentColor;
				CODE_SIGN_STYLE = Automatic;
				CURRENT_PROJECT_VERSION = 1;
				DEVELOPMENT_TEAM = YSX47LJT9G;
				GENERATE_INFOPLIST_FILE = YES;
				INFOPLIST_FILE = MadLibs/Info.plist;
				INFOPLIST_KEY_UIApplicationSupportsIndirectInputEvents = YES;
				INFOPLIST_KEY_UILaunchStoryboardName = LaunchScreen;
				INFOPLIST_KEY_UIMainStoryboardFile = Main;
				INFOPLIST_KEY_UISupportedInterfaceOrientations_iPad = "UIInterfaceOrientationPortrait UIInterfaceOrientationPortraitUpsideDown UIInterfaceOrientationLandscapeLeft UIInterfaceOrientationLandscapeRight";
				INFOPLIST_KEY_UISupportedInterfaceOrientations_iPhone = "UIInterfaceOrientationPortrait UIInterfaceOrientationLandscapeLeft UIInterfaceOrientationLandscapeRight";
				LD_RUNPATH_SEARCH_PATHS = (
					"$(inherited)",
					"@executable_path/Frameworks",
				);
				MARKETING_VERSION = 1.0;
				PRODUCT_BUNDLE_IDENTIFIER = wishStar.MadLibs;
				PRODUCT_NAME = "$(TARGET_NAME)";
				SWIFT_EMIT_LOC_STRINGS = YES;
				SWIFT_VERSION = 5.0;
				TARGETED_DEVICE_FAMILY = "1,2";
			};
			name = Debug;
		};
		CC39233D276525E400A086D3 /* Release */ = {
			isa = XCBuildConfiguration;
			buildSettings = {
				ASSETCATALOG_COMPILER_APPICON_NAME = AppIcon;
				ASSETCATALOG_COMPILER_GLOBAL_ACCENT_COLOR_NAME = AccentColor;
				CODE_SIGN_STYLE = Automatic;
				CURRENT_PROJECT_VERSION = 1;
				DEVELOPMENT_TEAM = YSX47LJT9G;
				GENERATE_INFOPLIST_FILE = YES;
				INFOPLIST_FILE = MadLibs/Info.plist;
				INFOPLIST_KEY_UIApplicationSupportsIndirectInputEvents = YES;
				INFOPLIST_KEY_UILaunchStoryboardName = LaunchScreen;
				INFOPLIST_KEY_UIMainStoryboardFile = Main;
				INFOPLIST_KEY_UISupportedInterfaceOrientations_iPad = "UIInterfaceOrientationPortrait UIInterfaceOrientationPortraitUpsideDown UIInterfaceOrientationLandscapeLeft UIInterfaceOrientationLandscapeRight";
				INFOPLIST_KEY_UISupportedInterfaceOrientations_iPhone = "UIInterfaceOrientationPortrait UIInterfaceOrientationLandscapeLeft UIInterfaceOrientationLandscapeRight";
				LD_RUNPATH_SEARCH_PATHS = (
					"$(inherited)",
					"@executable_path/Frameworks",
				);
				MARKETING_VERSION = 1.0;
				PRODUCT_BUNDLE_IDENTIFIER = wishStar.MadLibs;
				PRODUCT_NAME = "$(TARGET_NAME)";
				SWIFT_EMIT_LOC_STRINGS = YES;
				SWIFT_VERSION = 5.0;
				TARGETED_DEVICE_FAMILY = "1,2";
			};
			name = Release;
		};
		CC39233F276525E400A086D3 /* Debug */ = {
			isa = XCBuildConfiguration;
			buildSettings = {
				ALWAYS_EMBED_SWIFT_STANDARD_LIBRARIES = YES;
				BUNDLE_LOADER = "$(TEST_HOST)";
				CODE_SIGN_STYLE = Automatic;
				CURRENT_PROJECT_VERSION = 1;
				DEVELOPMENT_TEAM = YSX47LJT9G;
				GENERATE_INFOPLIST_FILE = YES;
				IPHONEOS_DEPLOYMENT_TARGET = 15.0;
				LD_RUNPATH_SEARCH_PATHS = (
					"$(inherited)",
					"@executable_path/Frameworks",
					"@loader_path/Frameworks",
				);
				MARKETING_VERSION = 1.0;
				PRODUCT_BUNDLE_IDENTIFIER = wishStar.MadLibsTests;
				PRODUCT_NAME = "$(TARGET_NAME)";
				SWIFT_EMIT_LOC_STRINGS = NO;
				SWIFT_VERSION = 5.0;
				TARGETED_DEVICE_FAMILY = "1,2";
				TEST_HOST = "$(BUILT_PRODUCTS_DIR)/MadLibs.app/MadLibs";
			};
			name = Debug;
		};
		CC392340276525E400A086D3 /* Release */ = {
			isa = XCBuildConfiguration;
			buildSettings = {
				ALWAYS_EMBED_SWIFT_STANDARD_LIBRARIES = YES;
				BUNDLE_LOADER = "$(TEST_HOST)";
				CODE_SIGN_STYLE = Automatic;
				CURRENT_PROJECT_VERSION = 1;
				DEVELOPMENT_TEAM = YSX47LJT9G;
				GENERATE_INFOPLIST_FILE = YES;
				IPHONEOS_DEPLOYMENT_TARGET = 15.0;
				LD_RUNPATH_SEARCH_PATHS = (
					"$(inherited)",
					"@executable_path/Frameworks",
					"@loader_path/Frameworks",
				);
				MARKETING_VERSION = 1.0;
				PRODUCT_BUNDLE_IDENTIFIER = wishStar.MadLibsTests;
				PRODUCT_NAME = "$(TARGET_NAME)";
				SWIFT_EMIT_LOC_STRINGS = NO;
				SWIFT_VERSION = 5.0;
				TARGETED_DEVICE_FAMILY = "1,2";
				TEST_HOST = "$(BUILT_PRODUCTS_DIR)/MadLibs.app/MadLibs";
			};
			name = Release;
		};
		CC392342276525E400A086D3 /* Debug */ = {
			isa = XCBuildConfiguration;
			buildSettings = {
				ALWAYS_EMBED_SWIFT_STANDARD_LIBRARIES = YES;
				CODE_SIGN_STYLE = Automatic;
				CURRENT_PROJECT_VERSION = 1;
				DEVELOPMENT_TEAM = YSX47LJT9G;
				GENERATE_INFOPLIST_FILE = YES;
				LD_RUNPATH_SEARCH_PATHS = (
					"$(inherited)",
					"@executable_path/Frameworks",
					"@loader_path/Frameworks",
				);
				MARKETING_VERSION = 1.0;
				PRODUCT_BUNDLE_IDENTIFIER = wishStar.MadLibsUITests;
				PRODUCT_NAME = "$(TARGET_NAME)";
				SWIFT_EMIT_LOC_STRINGS = NO;
				SWIFT_VERSION = 5.0;
				TARGETED_DEVICE_FAMILY = "1,2";
				TEST_TARGET_NAME = MadLibs;
			};
			name = Debug;
		};
		CC392343276525E400A086D3 /* Release */ = {
			isa = XCBuildConfiguration;
			buildSettings = {
				ALWAYS_EMBED_SWIFT_STANDARD_LIBRARIES = YES;
				CODE_SIGN_STYLE = Automatic;
				CURRENT_PROJECT_VERSION = 1;
				DEVELOPMENT_TEAM = YSX47LJT9G;
				GENERATE_INFOPLIST_FILE = YES;
				LD_RUNPATH_SEARCH_PATHS = (
					"$(inherited)",
					"@executable_path/Frameworks",
					"@loader_path/Frameworks",
				);
				MARKETING_VERSION = 1.0;
				PRODUCT_BUNDLE_IDENTIFIER = wishStar.MadLibsUITests;
				PRODUCT_NAME = "$(TARGET_NAME)";
				SWIFT_EMIT_LOC_STRINGS = NO;
				SWIFT_VERSION = 5.0;
				TARGETED_DEVICE_FAMILY = "1,2";
				TEST_TARGET_NAME = MadLibs;
			};
			name = Release;
		};
/* End XCBuildConfiguration section */

/* Begin XCConfigurationList section */
		CC39230C276525E200A086D3 /* Build configuration list for PBXProject "MadLibs" */ = {
			isa = XCConfigurationList;
			buildConfigurations = (
				CC392339276525E400A086D3 /* Debug */,
				CC39233A276525E400A086D3 /* Release */,
			);
			defaultConfigurationIsVisible = 0;
			defaultConfigurationName = Release;
		};
		CC39233B276525E400A086D3 /* Build configuration list for PBXNativeTarget "MadLibs" */ = {
			isa = XCConfigurationList;
			buildConfigurations = (
				CC39233C276525E400A086D3 /* Debug */,
				CC39233D276525E400A086D3 /* Release */,
			);
			defaultConfigurationIsVisible = 0;
			defaultConfigurationName = Release;
		};
		CC39233E276525E400A086D3 /* Build configuration list for PBXNativeTarget "MadLibsTests" */ = {
			isa = XCConfigurationList;
			buildConfigurations = (
				CC39233F276525E400A086D3 /* Debug */,
				CC392340276525E400A086D3 /* Release */,
			);
			defaultConfigurationIsVisible = 0;
			defaultConfigurationName = Release;
		};
		CC392341276525E400A086D3 /* Build configuration list for PBXNativeTarget "MadLibsUITests" */ = {
			isa = XCConfigurationList;
			buildConfigurations = (
				CC392342276525E400A086D3 /* Debug */,
				CC392343276525E400A086D3 /* Release */,
			);
			defaultConfigurationIsVisible = 0;
			defaultConfigurationName = Release;
		};
/* End XCConfigurationList section */
	};
	rootObject = CC392309276525E200A086D3 /* Project object */;
}
